{
  "name": "node-red-contrib-gpt-tokenizer",
  "version": "0.0.1",
  "lockfileVersion": 3,
  "requires": true,
  "packages": {
    "": {
      "name": "node-red-contrib-gpt-tokenizer",
      "version": "0.0.1",
      "license": "MIT",
      "dependencies": {
        "gpt-tokenizer": "^2.5.1"
      }
    },
    "node_modules/gpt-tokenizer": {
      "version": "2.5.1",
      "resolved": "https://registry.npmjs.org/gpt-tokenizer/-/gpt-tokenizer-2.5.1.tgz",
      "integrity": "sha512-26zNjvGrIf+a6yWg5l2DvNT4LXAmotHyx7IomHVhXiUs62BwKVFLv/l8yRQQrkUDc2XDtzCdjcNuJqzOjxxiPA=="
    }
  }
}
